// !$*UTF8*$!
{
	archiveVersion = 1;
	classes = {
	};
	objectVersion = 56;
	objects = {

/* Begin PBXBuildFile section */
		57149D82298FFC55006FF2AB /* ObjectCaptureRequester.swift in Sources */ = {isa = PBXBuildFile; fileRef = 57149D81298FFC55006FF2AB /* ObjectCaptureRequester.swift */; };
		57149D8729900323006FF2AB /* ARCreatorViewModel.swift in Sources */ = {isa = PBXBuildFile; fileRef = 57149D8629900323006FF2AB /* ARCreatorViewModel.swift */; };
		5726E92B29CE8B8E00B50DFB /* ARCreatorExtension.swift in Sources */ = {isa = PBXBuildFile; fileRef = 5726E92A29CE8B8E00B50DFB /* ARCreatorExtension.swift */; };
		5735AC8929DFE39C00AC074F /* sneaker_airforce.usdz in Resources */ = {isa = PBXBuildFile; fileRef = 5735AC8829DFE39C00AC074F /* sneaker_airforce.usdz */; };
		5756069D29E3A60700475551 /* ARCreatorViewModelTest.swift in Sources */ = {isa = PBXBuildFile; fileRef = 5756069C29E3A60700475551 /* ARCreatorViewModelTest.swift */; };
		576DA7E42991CA7300202BD1 /* FileSelectorViewModel.swift in Sources */ = {isa = PBXBuildFile; fileRef = 576DA7E32991CA7300202BD1 /* FileSelectorViewModel.swift */; };
		579041B929A550D600B9B701 /* Reality.swift in Sources */ = {isa = PBXBuildFile; fileRef = 579041B829A550D600B9B701 /* Reality.swift */; };
		57CD74F929EA256F00DAEB94 /* FileSelectorViewModelTest.swift in Sources */ = {isa = PBXBuildFile; fileRef = 57CD74F829EA256F00DAEB94 /* FileSelectorViewModelTest.swift */; };
		57D39ACD299D1FF400EF85B2 /* SidebarNavigation.swift in Sources */ = {isa = PBXBuildFile; fileRef = 57D39ACC299D1FF400EF85B2 /* SidebarNavigation.swift */; };
		57D39AD4299D31B700EF85B2 /* ARViewerView.swift in Sources */ = {isa = PBXBuildFile; fileRef = 57D39AD3299D31B700EF85B2 /* ARViewerView.swift */; };
		57D39AD8299D323C00EF85B2 /* ARViewerViewModel.swift in Sources */ = {isa = PBXBuildFile; fileRef = 57D39AD7299D323C00EF85B2 /* ARViewerViewModel.swift */; };
		57DBEBDE2993FF2A00222DD1 /* GeneratorButtonView.swift in Sources */ = {isa = PBXBuildFile; fileRef = 57DBEBDD2993FF2A00222DD1 /* GeneratorButtonView.swift */; };
		57F2B91829E317B400893DDE /* CosmonautSuit_en.reality in Resources */ = {isa = PBXBuildFile; fileRef = 57F2B91729E317B400893DDE /* CosmonautSuit_en.reality */; };
		57F2B91A29E317EC00893DDE /* FileReaderManager.swift in Sources */ = {isa = PBXBuildFile; fileRef = 57F2B91929E317EC00893DDE /* FileReaderManager.swift */; };
		57F7C1CF298E8798007D8087 /* ARBuilderMain.swift in Sources */ = {isa = PBXBuildFile; fileRef = 57F7C1CE298E8798007D8087 /* ARBuilderMain.swift */; };
		57F7C1D1298E8798007D8087 /* ARCreatorView.swift in Sources */ = {isa = PBXBuildFile; fileRef = 57F7C1D0298E8798007D8087 /* ARCreatorView.swift */; };
		57F7C1D3298E8799007D8087 /* Assets.xcassets in Resources */ = {isa = PBXBuildFile; fileRef = 57F7C1D2298E8799007D8087 /* Assets.xcassets */; };
		57F7C1D6298E8799007D8087 /* Preview Assets.xcassets in Resources */ = {isa = PBXBuildFile; fileRef = 57F7C1D5298E8799007D8087 /* Preview Assets.xcassets */; };
		57F7C1E1298E8799007D8087 /* FileSelectorTest.swift in Sources */ = {isa = PBXBuildFile; fileRef = 57F7C1E0298E8799007D8087 /* FileSelectorTest.swift */; };
		57F7C1FB298E9021007D8087 /* FileSelector.swift in Sources */ = {isa = PBXBuildFile; fileRef = 57F7C1FA298E9021007D8087 /* FileSelector.swift */; };
		57F7C1FE298E9254007D8087 /* FileSelectorSubView.swift in Sources */ = {isa = PBXBuildFile; fileRef = 57F7C1FD298E9254007D8087 /* FileSelectorSubView.swift */; };
		57F7C200298E92A9007D8087 /* TitleSubView.swift in Sources */ = {isa = PBXBuildFile; fileRef = 57F7C1FF298E92A9007D8087 /* TitleSubView.swift */; };
		57F7C203298E9324007D8087 /* GradientExtension.swift in Sources */ = {isa = PBXBuildFile; fileRef = 57F7C202298E9324007D8087 /* GradientExtension.swift */; };
		57FABE0729E20C9B000D31DB /* ARViewerViewModelTest.swift in Sources */ = {isa = PBXBuildFile; fileRef = 57FABE0629E20C9B000D31DB /* ARViewerViewModelTest.swift */; };
/* End PBXBuildFile section */

/* Begin PBXContainerItemProxy section */
		57F7C1DD298E8799007D8087 /* PBXContainerItemProxy */ = {
			isa = PBXContainerItemProxy;
			containerPortal = 57F7C1C3298E8798007D8087 /* Project object */;
			proxyType = 1;
			remoteGlobalIDString = 57F7C1CA298E8798007D8087;
			remoteInfo = ARBUILDER;
		};
/* End PBXContainerItemProxy section */

/* Begin PBXFileReference section */
		57149D81298FFC55006FF2AB /* ObjectCaptureRequester.swift */ = {isa = PBXFileReference; lastKnownFileType = sourcecode.swift; path = ObjectCaptureRequester.swift; sourceTree = "<group>"; };
		57149D8629900323006FF2AB /* ARCreatorViewModel.swift */ = {isa = PBXFileReference; lastKnownFileType = sourcecode.swift; path = ARCreatorViewModel.swift; sourceTree = "<group>"; };
		5726E92A29CE8B8E00B50DFB /* ARCreatorExtension.swift */ = {isa = PBXFileReference; lastKnownFileType = sourcecode.swift; path = ARCreatorExtension.swift; sourceTree = "<group>"; };
		5735AC8829DFE39C00AC074F /* sneaker_airforce.usdz */ = {isa = PBXFileReference; lastKnownFileType = file.usdz; path = sneaker_airforce.usdz; sourceTree = "<group>"; };
		5756069C29E3A60700475551 /* ARCreatorViewModelTest.swift */ = {isa = PBXFileReference; lastKnownFileType = sourcecode.swift; path = ARCreatorViewModelTest.swift; sourceTree = "<group>"; };
		576DA7E32991CA7300202BD1 /* FileSelectorViewModel.swift */ = {isa = PBXFileReference; lastKnownFileType = sourcecode.swift; path = FileSelectorViewModel.swift; sourceTree = "<group>"; };
		579041B829A550D600B9B701 /* Reality.swift */ = {isa = PBXFileReference; lastKnownFileType = sourcecode.swift; path = Reality.swift; sourceTree = "<group>"; };
		57CD74F829EA256F00DAEB94 /* FileSelectorViewModelTest.swift */ = {isa = PBXFileReference; lastKnownFileType = sourcecode.swift; path = FileSelectorViewModelTest.swift; sourceTree = "<group>"; };
		57D39ACC299D1FF400EF85B2 /* SidebarNavigation.swift */ = {isa = PBXFileReference; lastKnownFileType = sourcecode.swift; path = SidebarNavigation.swift; sourceTree = "<group>"; };
		57D39AD3299D31B700EF85B2 /* ARViewerView.swift */ = {isa = PBXFileReference; lastKnownFileType = sourcecode.swift; path = ARViewerView.swift; sourceTree = "<group>"; };
		57D39AD7299D323C00EF85B2 /* ARViewerViewModel.swift */ = {isa = PBXFileReference; lastKnownFileType = sourcecode.swift; path = ARViewerViewModel.swift; sourceTree = "<group>"; };
		57DBEBDD2993FF2A00222DD1 /* GeneratorButtonView.swift */ = {isa = PBXFileReference; lastKnownFileType = sourcecode.swift; path = GeneratorButtonView.swift; sourceTree = "<group>"; };
		57EA4C0C29EB3F760049486D /* ARBUILDER.xctestplan */ = {isa = PBXFileReference; lastKnownFileType = text; path = ARBUILDER.xctestplan; sourceTree = "<group>"; };
		57F2B91729E317B400893DDE /* CosmonautSuit_en.reality */ = {isa = PBXFileReference; lastKnownFileType = file; path = CosmonautSuit_en.reality; sourceTree = "<group>"; };
		57F2B91929E317EC00893DDE /* FileReaderManager.swift */ = {isa = PBXFileReference; lastKnownFileType = sourcecode.swift; path = FileReaderManager.swift; sourceTree = "<group>"; };
		57F7C1CB298E8798007D8087 /* ARBUILDER.app */ = {isa = PBXFileReference; explicitFileType = wrapper.application; includeInIndex = 0; path = ARBUILDER.app; sourceTree = BUILT_PRODUCTS_DIR; };
		57F7C1CE298E8798007D8087 /* ARBuilderMain.swift */ = {isa = PBXFileReference; lastKnownFileType = sourcecode.swift; path = ARBuilderMain.swift; sourceTree = "<group>"; };
		57F7C1D0298E8798007D8087 /* ARCreatorView.swift */ = {isa = PBXFileReference; lastKnownFileType = sourcecode.swift; path = ARCreatorView.swift; sourceTree = "<group>"; };
		57F7C1D2298E8799007D8087 /* Assets.xcassets */ = {isa = PBXFileReference; lastKnownFileType = folder.assetcatalog; path = Assets.xcassets; sourceTree = "<group>"; };
		57F7C1D5298E8799007D8087 /* Preview Assets.xcassets */ = {isa = PBXFileReference; lastKnownFileType = folder.assetcatalog; path = "Preview Assets.xcassets"; sourceTree = "<group>"; };
		57F7C1D7298E8799007D8087 /* ARBUILDER.entitlements */ = {isa = PBXFileReference; lastKnownFileType = text.plist.entitlements; path = ARBUILDER.entitlements; sourceTree = "<group>"; };
		57F7C1DC298E8799007D8087 /* ARBUILDERTests.xctest */ = {isa = PBXFileReference; explicitFileType = wrapper.cfbundle; includeInIndex = 0; path = ARBUILDERTests.xctest; sourceTree = BUILT_PRODUCTS_DIR; };
		57F7C1E0298E8799007D8087 /* FileSelectorTest.swift */ = {isa = PBXFileReference; lastKnownFileType = sourcecode.swift; path = FileSelectorTest.swift; sourceTree = "<group>"; };
		57F7C1FA298E9021007D8087 /* FileSelector.swift */ = {isa = PBXFileReference; lastKnownFileType = sourcecode.swift; path = FileSelector.swift; sourceTree = "<group>"; };
		57F7C1FD298E9254007D8087 /* FileSelectorSubView.swift */ = {isa = PBXFileReference; lastKnownFileType = sourcecode.swift; path = FileSelectorSubView.swift; sourceTree = "<group>"; };
		57F7C1FF298E92A9007D8087 /* TitleSubView.swift */ = {isa = PBXFileReference; lastKnownFileType = sourcecode.swift; path = TitleSubView.swift; sourceTree = "<group>"; };
		57F7C202298E9324007D8087 /* GradientExtension.swift */ = {isa = PBXFileReference; lastKnownFileType = sourcecode.swift; path = GradientExtension.swift; sourceTree = "<group>"; };
		57FABE0629E20C9B000D31DB /* ARViewerViewModelTest.swift */ = {isa = PBXFileReference; lastKnownFileType = sourcecode.swift; path = ARViewerViewModelTest.swift; sourceTree = "<group>"; };
/* End PBXFileReference section */

/* Begin PBXFrameworksBuildPhase section */
		57F7C1C8298E8798007D8087 /* Frameworks */ = {
			isa = PBXFrameworksBuildPhase;
			buildActionMask = 2147483647;
			files = (
			);
			runOnlyForDeploymentPostprocessing = 0;
		};
		57F7C1D9298E8799007D8087 /* Frameworks */ = {
			isa = PBXFrameworksBuildPhase;
			buildActionMask = 2147483647;
			files = (
			);
			runOnlyForDeploymentPostprocessing = 0;
		};
/* End PBXFrameworksBuildPhase section */

/* Begin PBXGroup section */
		57149D80298FFC34006FF2AB /* ARObjectCaptureRequester */ = {
			isa = PBXGroup;
			children = (
				57149D81298FFC55006FF2AB /* ObjectCaptureRequester.swift */,
			);
			path = ARObjectCaptureRequester;
			sourceTree = "<group>";
		};
		57149D832990026D006FF2AB /* ARCreatorView */ = {
			isa = PBXGroup;
			children = (
				57149D8529900284006FF2AB /* ViewModel */,
				57149D8429900280006FF2AB /* View */,
			);
			path = ARCreatorView;
			sourceTree = "<group>";
		};
		57149D8429900280006FF2AB /* View */ = {
			isa = PBXGroup;
			children = (
				57F7C1D0298E8798007D8087 /* ARCreatorView.swift */,
				5726E92A29CE8B8E00B50DFB /* ARCreatorExtension.swift */,
				57DBEBDD2993FF2A00222DD1 /* GeneratorButtonView.swift */,
			);
			path = View;
			sourceTree = "<group>";
		};
		57149D8529900284006FF2AB /* ViewModel */ = {
			isa = PBXGroup;
			children = (
				57149D8629900323006FF2AB /* ARCreatorViewModel.swift */,
			);
			path = ViewModel;
			sourceTree = "<group>";
		};
		5735AC8A29DFE3AE00AC074F /* SourceFiles */ = {
			isa = PBXGroup;
			children = (
				57F2B91729E317B400893DDE /* CosmonautSuit_en.reality */,
				5735AC8829DFE39C00AC074F /* sneaker_airforce.usdz */,
			);
			path = SourceFiles;
			sourceTree = "<group>";
		};
		5741CB8D29925D5B00CEEBE9 /* View */ = {
			isa = PBXGroup;
			children = (
				57F7C1FD298E9254007D8087 /* FileSelectorSubView.swift */,
				57F7C1FF298E92A9007D8087 /* TitleSubView.swift */,
			);
			path = View;
			sourceTree = "<group>";
		};
		576DA7E22991CA6200202BD1 /* ViewModel */ = {
			isa = PBXGroup;
			children = (
				576DA7E32991CA7300202BD1 /* FileSelectorViewModel.swift */,
			);
			path = ViewModel;
			sourceTree = "<group>";
		};
		57D39ACB299D1FDE00EF85B2 /* SidebarNavigationView */ = {
			isa = PBXGroup;
			children = (
				57D39ACC299D1FF400EF85B2 /* SidebarNavigation.swift */,
			);
			path = SidebarNavigationView;
			sourceTree = "<group>";
		};
		57D39ACF299D2DB200EF85B2 /* Scenes */ = {
			isa = PBXGroup;
			children = (
				57F7C1CE298E8798007D8087 /* ARBuilderMain.swift */,
				57D39AD2299D319D00EF85B2 /* ARViewer */,
				57F7C1FC298E91FA007D8087 /* FileSelectorSubViews */,
				57149D832990026D006FF2AB /* ARCreatorView */,
				57D39ACB299D1FDE00EF85B2 /* SidebarNavigationView */,
			);
			path = Scenes;
			sourceTree = "<group>";
		};
		57D39AD0299D2E7B00EF85B2 /* Helper */ = {
			isa = PBXGroup;
			children = (
				57149D80298FFC34006FF2AB /* ARObjectCaptureRequester */,
				57F7C1F9298E9009007D8087 /* FileManager */,
			);
			path = Helper;
			sourceTree = "<group>";
		};
		57D39AD2299D319D00EF85B2 /* ARViewer */ = {
			isa = PBXGroup;
			children = (
				57D39AD6299D322B00EF85B2 /* ViewModel */,
				57D39AD5299D322300EF85B2 /* View */,
			);
			path = ARViewer;
			sourceTree = "<group>";
		};
		57D39AD5299D322300EF85B2 /* View */ = {
			isa = PBXGroup;
			children = (
				57D39AD3299D31B700EF85B2 /* ARViewerView.swift */,
				579041B829A550D600B9B701 /* Reality.swift */,
			);
			path = View;
			sourceTree = "<group>";
		};
		57D39AD6299D322B00EF85B2 /* ViewModel */ = {
			isa = PBXGroup;
			children = (
				57D39AD7299D323C00EF85B2 /* ARViewerViewModel.swift */,
			);
			path = ViewModel;
			sourceTree = "<group>";
		};
		57F7C1C2298E8798007D8087 = {
			isa = PBXGroup;
			children = (
				57EA4C0C29EB3F760049486D /* ARBUILDER.xctestplan */,
				57F7C1CD298E8798007D8087 /* ARBUILDER */,
				57F7C1DF298E8799007D8087 /* ARBUILDERTests */,
				57F7C1CC298E8798007D8087 /* Products */,
			);
			sourceTree = "<group>";
		};
		57F7C1CC298E8798007D8087 /* Products */ = {
			isa = PBXGroup;
			children = (
				57F7C1CB298E8798007D8087 /* ARBUILDER.app */,
				57F7C1DC298E8799007D8087 /* ARBUILDERTests.xctest */,
			);
			name = Products;
			sourceTree = "<group>";
		};
		57F7C1CD298E8798007D8087 /* ARBUILDER */ = {
			isa = PBXGroup;
			children = (
				57D39ACF299D2DB200EF85B2 /* Scenes */,
				57D39AD0299D2E7B00EF85B2 /* Helper */,
				57F7C201298E930F007D8087 /* Extension */,
				57F7C1D2298E8799007D8087 /* Assets.xcassets */,
				57F7C1D7298E8799007D8087 /* ARBUILDER.entitlements */,
				57F7C1D4298E8799007D8087 /* Preview Content */,
			);
			path = ARBUILDER;
			sourceTree = "<group>";
		};
		57F7C1D4298E8799007D8087 /* Preview Content */ = {
			isa = PBXGroup;
			children = (
				57F7C1D5298E8799007D8087 /* Preview Assets.xcassets */,
			);
			path = "Preview Content";
			sourceTree = "<group>";
		};
		57F7C1DF298E8799007D8087 /* ARBUILDERTests */ = {
			isa = PBXGroup;
			children = (
				57FABE0829E21507000D31DB /* FileReader */,
				5735AC8A29DFE3AE00AC074F /* SourceFiles */,
				57F7C1E0298E8799007D8087 /* FileSelectorTest.swift */,
				57CD74F829EA256F00DAEB94 /* FileSelectorViewModelTest.swift */,
				57FABE0629E20C9B000D31DB /* ARViewerViewModelTest.swift */,
				5756069C29E3A60700475551 /* ARCreatorViewModelTest.swift */,
			);
			path = ARBUILDERTests;
			sourceTree = "<group>";
		};
		57F7C1F9298E9009007D8087 /* FileManager */ = {
			isa = PBXGroup;
			children = (
				57F7C1FA298E9021007D8087 /* FileSelector.swift */,
			);
			path = FileManager;
			sourceTree = "<group>";
		};
		57F7C1FC298E91FA007D8087 /* FileSelectorSubViews */ = {
			isa = PBXGroup;
			children = (
				5741CB8D29925D5B00CEEBE9 /* View */,
				576DA7E22991CA6200202BD1 /* ViewModel */,
			);
			path = FileSelectorSubViews;
			sourceTree = "<group>";
		};
		57F7C201298E930F007D8087 /* Extension */ = {
			isa = PBXGroup;
			children = (
				57F7C202298E9324007D8087 /* GradientExtension.swift */,
			);
			path = Extension;
			sourceTree = "<group>";
		};
		57FABE0829E21507000D31DB /* FileReader */ = {
			isa = PBXGroup;
			children = (
				57F2B91929E317EC00893DDE /* FileReaderManager.swift */,
			);
			path = FileReader;
			sourceTree = "<group>";
		};
/* End PBXGroup section */

/* Begin PBXNativeTarget section */
		57F7C1CA298E8798007D8087 /* ARBUILDER */ = {
			isa = PBXNativeTarget;
			buildConfigurationList = 57F7C1F0298E8799007D8087 /* Build configuration list for PBXNativeTarget "ARBUILDER" */;
			buildPhases = (
				57F7C1C7298E8798007D8087 /* Sources */,
				57F7C1C8298E8798007D8087 /* Frameworks */,
				57F7C1C9298E8798007D8087 /* Resources */,
			);
			buildRules = (
			);
			dependencies = (
			);
			name = ARBUILDER;
			productName = ARBUILDER;
			productReference = 57F7C1CB298E8798007D8087 /* ARBUILDER.app */;
			productType = "com.apple.product-type.application";
		};
		57F7C1DB298E8799007D8087 /* ARBUILDERTests */ = {
			isa = PBXNativeTarget;
			buildConfigurationList = 57F7C1F3298E8799007D8087 /* Build configuration list for PBXNativeTarget "ARBUILDERTests" */;
			buildPhases = (
				57F7C1D8298E8799007D8087 /* Sources */,
				57F7C1D9298E8799007D8087 /* Frameworks */,
				57F7C1DA298E8799007D8087 /* Resources */,
			);
			buildRules = (
			);
			dependencies = (
				57F7C1DE298E8799007D8087 /* PBXTargetDependency */,
			);
			name = ARBUILDERTests;
			productName = ARBUILDERTests;
			productReference = 57F7C1DC298E8799007D8087 /* ARBUILDERTests.xctest */;
			productType = "com.apple.product-type.bundle.unit-test";
		};
/* End PBXNativeTarget section */

/* Begin PBXProject section */
		57F7C1C3298E8798007D8087 /* Project object */ = {
			isa = PBXProject;
			attributes = {
				BuildIndependentTargetsInParallel = 1;
				LastSwiftUpdateCheck = 1420;
				LastUpgradeCheck = 1420;
				TargetAttributes = {
					57F7C1CA298E8798007D8087 = {
						CreatedOnToolsVersion = 14.2;
					};
					57F7C1DB298E8799007D8087 = {
						CreatedOnToolsVersion = 14.2;
						TestTargetID = 57F7C1CA298E8798007D8087;
					};
				};
			};
			buildConfigurationList = 57F7C1C6298E8798007D8087 /* Build configuration list for PBXProject "ARBUILDER" */;
			compatibilityVersion = "Xcode 14.0";
			developmentRegion = en;
			hasScannedForEncodings = 0;
			knownRegions = (
				en,
				Base,
			);
			mainGroup = 57F7C1C2298E8798007D8087;
			productRefGroup = 57F7C1CC298E8798007D8087 /* Products */;
			projectDirPath = "";
			projectRoot = "";
			targets = (
				57F7C1CA298E8798007D8087 /* ARBUILDER */,
				57F7C1DB298E8799007D8087 /* ARBUILDERTests */,
			);
		};
/* End PBXProject section */

/* Begin PBXResourcesBuildPhase section */
		57F7C1C9298E8798007D8087 /* Resources */ = {
			isa = PBXResourcesBuildPhase;
			buildActionMask = 2147483647;
			files = (
				57F7C1D6298E8799007D8087 /* Preview Assets.xcassets in Resources */,
				57F7C1D3298E8799007D8087 /* Assets.xcassets in Resources */,
			);
			runOnlyForDeploymentPostprocessing = 0;
		};
		57F7C1DA298E8799007D8087 /* Resources */ = {
			isa = PBXResourcesBuildPhase;
			buildActionMask = 2147483647;
			files = (
				57F2B91829E317B400893DDE /* CosmonautSuit_en.reality in Resources */,
				5735AC8929DFE39C00AC074F /* sneaker_airforce.usdz in Resources */,
			);
			runOnlyForDeploymentPostprocessing = 0;
		};
/* End PBXResourcesBuildPhase section */

/* Begin PBXSourcesBuildPhase section */
		57F7C1C7298E8798007D8087 /* Sources */ = {
			isa = PBXSourcesBuildPhase;
			buildActionMask = 2147483647;
			files = (
				57D39AD4299D31B700EF85B2 /* ARViewerView.swift in Sources */,
				57F7C1D1298E8798007D8087 /* ARCreatorView.swift in Sources */,
				57DBEBDE2993FF2A00222DD1 /* GeneratorButtonView.swift in Sources */,
				57D39AD8299D323C00EF85B2 /* ARViewerViewModel.swift in Sources */,
				57149D82298FFC55006FF2AB /* ObjectCaptureRequester.swift in Sources */,
				5726E92B29CE8B8E00B50DFB /* ARCreatorExtension.swift in Sources */,
				576DA7E42991CA7300202BD1 /* FileSelectorViewModel.swift in Sources */,
				57F7C203298E9324007D8087 /* GradientExtension.swift in Sources */,
				57F7C1FB298E9021007D8087 /* FileSelector.swift in Sources */,
				57F7C1FE298E9254007D8087 /* FileSelectorSubView.swift in Sources */,
				57D39ACD299D1FF400EF85B2 /* SidebarNavigation.swift in Sources */,
				57F7C200298E92A9007D8087 /* TitleSubView.swift in Sources */,
				57F7C1CF298E8798007D8087 /* ARBuilderMain.swift in Sources */,
				57149D8729900323006FF2AB /* ARCreatorViewModel.swift in Sources */,
				579041B929A550D600B9B701 /* Reality.swift in Sources */,
			);
			runOnlyForDeploymentPostprocessing = 0;
		};
		57F7C1D8298E8799007D8087 /* Sources */ = {
			isa = PBXSourcesBuildPhase;
			buildActionMask = 2147483647;
			files = (
				57F2B91A29E317EC00893DDE /* FileReaderManager.swift in Sources */,
				57F7C1E1298E8799007D8087 /* FileSelectorTest.swift in Sources */,
				5756069D29E3A60700475551 /* ARCreatorViewModelTest.swift in Sources */,
				57CD74F929EA256F00DAEB94 /* FileSelectorViewModelTest.swift in Sources */,
				57FABE0729E20C9B000D31DB /* ARViewerViewModelTest.swift in Sources */,
			);
			runOnlyForDeploymentPostprocessing = 0;
		};
/* End PBXSourcesBuildPhase section */

/* Begin PBXTargetDependency section */
		57F7C1DE298E8799007D8087 /* PBXTargetDependency */ = {
			isa = PBXTargetDependency;
			target = 57F7C1CA298E8798007D8087 /* ARBUILDER */;
			targetProxy = 57F7C1DD298E8799007D8087 /* PBXContainerItemProxy */;
		};
/* End PBXTargetDependency section */

/* Begin XCBuildConfiguration section */
		57F7C1EE298E8799007D8087 /* Debug */ = {
			isa = XCBuildConfiguration;
			buildSettings = {
				ALWAYS_SEARCH_USER_PATHS = NO;
				CLANG_ANALYZER_NONNULL = YES;
				CLANG_ANALYZER_NUMBER_OBJECT_CONVERSION = YES_AGGRESSIVE;
				CLANG_CXX_LANGUAGE_STANDARD = "gnu++20";
				CLANG_ENABLE_MODULES = YES;
				CLANG_ENABLE_OBJC_ARC = YES;
				CLANG_ENABLE_OBJC_WEAK = YES;
				CLANG_WARN_BLOCK_CAPTURE_AUTORELEASING = YES;
				CLANG_WARN_BOOL_CONVERSION = YES;
				CLANG_WARN_COMMA = YES;
				CLANG_WARN_CONSTANT_CONVERSION = YES;
				CLANG_WARN_DEPRECATED_OBJC_IMPLEMENTATIONS = YES;
				CLANG_WARN_DIRECT_OBJC_ISA_USAGE = YES_ERROR;
				CLANG_WARN_DOCUMENTATION_COMMENTS = YES;
				CLANG_WARN_EMPTY_BODY = YES;
				CLANG_WARN_ENUM_CONVERSION = YES;
				CLANG_WARN_INFINITE_RECURSION = YES;
				CLANG_WARN_INT_CONVERSION = YES;
				CLANG_WARN_NON_LITERAL_NULL_CONVERSION = YES;
				CLANG_WARN_OBJC_IMPLICIT_RETAIN_SELF = YES;
				CLANG_WARN_OBJC_LITERAL_CONVERSION = YES;
				CLANG_WARN_OBJC_ROOT_CLASS = YES_ERROR;
				CLANG_WARN_QUOTED_INCLUDE_IN_FRAMEWORK_HEADER = YES;
				CLANG_WARN_RANGE_LOOP_ANALYSIS = YES;
				CLANG_WARN_STRICT_PROTOTYPES = YES;
				CLANG_WARN_SUSPICIOUS_MOVE = YES;
				CLANG_WARN_UNGUARDED_AVAILABILITY = YES_AGGRESSIVE;
				CLANG_WARN_UNREACHABLE_CODE = YES;
				CLANG_WARN__DUPLICATE_METHOD_MATCH = YES;
				COPY_PHASE_STRIP = NO;
				DEBUG_INFORMATION_FORMAT = dwarf;
				ENABLE_STRICT_OBJC_MSGSEND = YES;
				ENABLE_TESTABILITY = YES;
				GCC_C_LANGUAGE_STANDARD = gnu11;
				GCC_DYNAMIC_NO_PIC = NO;
				GCC_NO_COMMON_BLOCKS = YES;
				GCC_OPTIMIZATION_LEVEL = 0;
				GCC_PREPROCESSOR_DEFINITIONS = (
					"DEBUG=1",
					"$(inherited)",
				);
				GCC_WARN_64_TO_32_BIT_CONVERSION = YES;
				GCC_WARN_ABOUT_RETURN_TYPE = YES_ERROR;
				GCC_WARN_UNDECLARED_SELECTOR = YES;
				GCC_WARN_UNINITIALIZED_AUTOS = YES_AGGRESSIVE;
				GCC_WARN_UNUSED_FUNCTION = YES;
				GCC_WARN_UNUSED_VARIABLE = YES;
				MACOSX_DEPLOYMENT_TARGET = 13.1;
				MTL_ENABLE_DEBUG_INFO = INCLUDE_SOURCE;
				MTL_FAST_MATH = YES;
				ONLY_ACTIVE_ARCH = YES;
				SDKROOT = macosx;
				SWIFT_ACTIVE_COMPILATION_CONDITIONS = DEBUG;
				SWIFT_OPTIMIZATION_LEVEL = "-Onone";
			};
			name = Debug;
		};
		57F7C1EF298E8799007D8087 /* Release */ = {
			isa = XCBuildConfiguration;
			buildSettings = {
				ALWAYS_SEARCH_USER_PATHS = NO;
				CLANG_ANALYZER_NONNULL = YES;
				CLANG_ANALYZER_NUMBER_OBJECT_CONVERSION = YES_AGGRESSIVE;
				CLANG_CXX_LANGUAGE_STANDARD = "gnu++20";
				CLANG_ENABLE_MODULES = YES;
				CLANG_ENABLE_OBJC_ARC = YES;
				CLANG_ENABLE_OBJC_WEAK = YES;
				CLANG_WARN_BLOCK_CAPTURE_AUTORELEASING = YES;
				CLANG_WARN_BOOL_CONVERSION = YES;
				CLANG_WARN_COMMA = YES;
				CLANG_WARN_CONSTANT_CONVERSION = YES;
				CLANG_WARN_DEPRECATED_OBJC_IMPLEMENTATIONS = YES;
				CLANG_WARN_DIRECT_OBJC_ISA_USAGE = YES_ERROR;
				CLANG_WARN_DOCUMENTATION_COMMENTS = YES;
				CLANG_WARN_EMPTY_BODY = YES;
				CLANG_WARN_ENUM_CONVERSION = YES;
				CLANG_WARN_INFINITE_RECURSION = YES;
				CLANG_WARN_INT_CONVERSION = YES;
				CLANG_WARN_NON_LITERAL_NULL_CONVERSION = YES;
				CLANG_WARN_OBJC_IMPLICIT_RETAIN_SELF = YES;
				CLANG_WARN_OBJC_LITERAL_CONVERSION = YES;
				CLANG_WARN_OBJC_ROOT_CLASS = YES_ERROR;
				CLANG_WARN_QUOTED_INCLUDE_IN_FRAMEWORK_HEADER = YES;
				CLANG_WARN_RANGE_LOOP_ANALYSIS = YES;
				CLANG_WARN_STRICT_PROTOTYPES = YES;
				CLANG_WARN_SUSPICIOUS_MOVE = YES;
				CLANG_WARN_UNGUARDED_AVAILABILITY = YES_AGGRESSIVE;
				CLANG_WARN_UNREACHABLE_CODE = YES;
				CLANG_WARN__DUPLICATE_METHOD_MATCH = YES;
				COPY_PHASE_STRIP = NO;
				DEBUG_INFORMATION_FORMAT = "dwarf-with-dsym";
				ENABLE_NS_ASSERTIONS = NO;
				ENABLE_STRICT_OBJC_MSGSEND = YES;
				GCC_C_LANGUAGE_STANDARD = gnu11;
				GCC_NO_COMMON_BLOCKS = YES;
				GCC_WARN_64_TO_32_BIT_CONVERSION = YES;
				GCC_WARN_ABOUT_RETURN_TYPE = YES_ERROR;
				GCC_WARN_UNDECLARED_SELECTOR = YES;
				GCC_WARN_UNINITIALIZED_AUTOS = YES_AGGRESSIVE;
				GCC_WARN_UNUSED_FUNCTION = YES;
				GCC_WARN_UNUSED_VARIABLE = YES;
				MACOSX_DEPLOYMENT_TARGET = 13.1;
				MTL_ENABLE_DEBUG_INFO = NO;
				MTL_FAST_MATH = YES;
				ONLY_ACTIVE_ARCH = NO;
				SDKROOT = macosx;
				SWIFT_COMPILATION_MODE = wholemodule;
				SWIFT_OPTIMIZATION_LEVEL = "-O";
			};
			name = Release;
		};
		57F7C1F1298E8799007D8087 /* Debug */ = {
			isa = XCBuildConfiguration;
			buildSettings = {
				ASSETCATALOG_COMPILER_APPICON_NAME = AppIcon;
				ASSETCATALOG_COMPILER_GLOBAL_ACCENT_COLOR_NAME = AccentColor;
				CODE_SIGN_ENTITLEMENTS = ARBUILDER/ARBUILDER.entitlements;
				"CODE_SIGN_IDENTITY[sdk=macosx*]" = "Apple Development";
				CODE_SIGN_STYLE = Automatic;
				COMBINE_HIDPI_IMAGES = YES;
				CURRENT_PROJECT_VERSION = 1;
				DEVELOPMENT_ASSET_PATHS = "\"ARBUILDER/Preview Content\"";
				DEVELOPMENT_TEAM = G9Q79MB7M4;
				ENABLE_HARDENED_RUNTIME = YES;
				ENABLE_PREVIEWS = YES;
				GENERATE_INFOPLIST_FILE = YES;
				INFOPLIST_KEY_NSHumanReadableCopyright = "";
				LD_RUNPATH_SEARCH_PATHS = (
					"$(inherited)",
					"@executable_path/../Frameworks",
				);
				MARKETING_VERSION = 1.0;
				PRODUCT_BUNDLE_IDENTIFIER = com.isconfig.ARBUILDER;
				PRODUCT_NAME = "$(TARGET_NAME)";
				SWIFT_EMIT_LOC_STRINGS = YES;
				SWIFT_VERSION = 5.0;
			};
			name = Debug;
		};
		57F7C1F2298E8799007D8087 /* Release */ = {
			isa = XCBuildConfiguration;
			buildSettings = {
				ASSETCATALOG_COMPILER_APPICON_NAME = AppIcon;
				ASSETCATALOG_COMPILER_GLOBAL_ACCENT_COLOR_NAME = AccentColor;
				CODE_SIGN_ENTITLEMENTS = ARBUILDER/ARBUILDER.entitlements;
				"CODE_SIGN_IDENTITY[sdk=macosx*]" = "Apple Development";
				CODE_SIGN_STYLE = Automatic;
				COMBINE_HIDPI_IMAGES = YES;
				CURRENT_PROJECT_VERSION = 1;
				DEVELOPMENT_ASSET_PATHS = "\"ARBUILDER/Preview Content\"";
				DEVELOPMENT_TEAM = G9Q79MB7M4;
				ENABLE_HARDENED_RUNTIME = YES;
				ENABLE_PREVIEWS = YES;
				GENERATE_INFOPLIST_FILE = YES;
				INFOPLIST_KEY_NSHumanReadableCopyright = "";
				LD_RUNPATH_SEARCH_PATHS = (
					"$(inherited)",
					"@executable_path/../Frameworks",
				);
				MARKETING_VERSION = 1.0;
				PRODUCT_BUNDLE_IDENTIFIER = com.isconfig.ARBUILDER;
				PRODUCT_NAME = "$(TARGET_NAME)";
				SWIFT_EMIT_LOC_STRINGS = YES;
				SWIFT_VERSION = 5.0;
			};
			name = Release;
		};
		57F7C1F4298E8799007D8087 /* Debug */ = {
			isa = XCBuildConfiguration;
			buildSettings = {
				ALWAYS_EMBED_SWIFT_STANDARD_LIBRARIES = YES;
				BUNDLE_LOADER = "$(TEST_HOST)";
				CODE_SIGN_STYLE = Automatic;
				CURRENT_PROJECT_VERSION = 1;
				DEVELOPMENT_TEAM = G9Q79MB7M4;
				GENERATE_INFOPLIST_FILE = YES;
				MACOSX_DEPLOYMENT_TARGET = 13.1;
				MARKETING_VERSION = 1.0;
				PRODUCT_BUNDLE_IDENTIFIER = com.isconfig.ARBUILDERTests;
				PRODUCT_NAME = "$(TARGET_NAME)";
				SWIFT_EMIT_LOC_STRINGS = NO;
				SWIFT_VERSION = 5.0;
				TEST_HOST = "$(BUILT_PRODUCTS_DIR)/ARBUILDER.app/$(BUNDLE_EXECUTABLE_FOLDER_PATH)/ARBUILDER";
			};
			name = Debug;
		};
		57F7C1F5298E8799007D8087 /* Release */ = {
			isa = XCBuildConfiguration;
			buildSettings = {
				ALWAYS_EMBED_SWIFT_STANDARD_LIBRARIES = YES;
				BUNDLE_LOADER = "$(TEST_HOST)";
				CODE_SIGN_STYLE = Automatic;
				CURRENT_PROJECT_VERSION = 1;
				DEVELOPMENT_TEAM = G9Q79MB7M4;
				GENERATE_INFOPLIST_FILE = YES;
				MACOSX_DEPLOYMENT_TARGET = 13.1;
				MARKETING_VERSION = 1.0;
				PRODUCT_BUNDLE_IDENTIFIER = com.isconfig.ARBUILDERTests;
				PRODUCT_NAME = "$(TARGET_NAME)";
				SWIFT_EMIT_LOC_STRINGS = NO;
				SWIFT_VERSION = 5.0;
				TEST_HOST = "$(BUILT_PRODUCTS_DIR)/ARBUILDER.app/$(BUNDLE_EXECUTABLE_FOLDER_PATH)/ARBUILDER";
			};
			name = Release;
		};
/* End XCBuildConfiguration section */

/* Begin XCConfigurationList section */
		57F7C1C6298E8798007D8087 /* Build configuration list for PBXProject "ARBUILDER" */ = {
			isa = XCConfigurationList;
			buildConfigurations = (
				57F7C1EE298E8799007D8087 /* Debug */,
				57F7C1EF298E8799007D8087 /* Release */,
			);
			defaultConfigurationIsVisible = 0;
			defaultConfigurationName = Release;
		};
		57F7C1F0298E8799007D8087 /* Build configuration list for PBXNativeTarget "ARBUILDER" */ = {
			isa = XCConfigurationList;
			buildConfigurations = (
				57F7C1F1298E8799007D8087 /* Debug */,
				57F7C1F2298E8799007D8087 /* Release */,
			);
			defaultConfigurationIsVisible = 0;
			defaultConfigurationName = Release;
		};
		57F7C1F3298E8799007D8087 /* Build configuration list for PBXNativeTarget "ARBUILDERTests" */ = {
			isa = XCConfigurationList;
			buildConfigurations = (
				57F7C1F4298E8799007D8087 /* Debug */,
				57F7C1F5298E8799007D8087 /* Release */,
			);
			defaultConfigurationIsVisible = 0;
			defaultConfigurationName = Release;
		};
/* End XCConfigurationList section */
	};
	rootObject = 57F7C1C3298E8798007D8087 /* Project object */;
}
